// !$*UTF8*$!
{
	archiveVersion = 1;
	classes = {
	};
	objectVersion = 77;
	objects = {

/* Begin PBXContainerItemProxy section */
		491D25D12C9EB263000E25F1 /* PBXContainerItemProxy */ = {
			isa = PBXContainerItemProxy;
			containerPortal = 491D25B22C9EB262000E25F1 /* Project object */;
			proxyType = 1;
			remoteGlobalIDString = 491D25B92C9EB262000E25F1;
			remoteInfo = "Tipsy-TipsCalculator";
		};
		491D25DB2C9EB263000E25F1 /* PBXContainerItemProxy */ = {
			isa = PBXContainerItemProxy;
			containerPortal = 491D25B22C9EB262000E25F1 /* Project object */;
			proxyType = 1;
			remoteGlobalIDString = 491D25B92C9EB262000E25F1;
			remoteInfo = "Tipsy-TipsCalculator";
		};
/* End PBXContainerItemProxy section */

/* Begin PBXFileReference section */
		491D25BA2C9EB262000E25F1 /* Tipsy-TipsCalculator.app */ = {isa = PBXFileReference; explicitFileType = wrapper.application; includeInIndex = 0; path = "Tipsy-TipsCalculator.app"; sourceTree = BUILT_PRODUCTS_DIR; };
		491D25D02C9EB263000E25F1 /* Tipsy-TipsCalculatorTests.xctest */ = {isa = PBXFileReference; explicitFileType = wrapper.cfbundle; includeInIndex = 0; path = "Tipsy-TipsCalculatorTests.xctest"; sourceTree = BUILT_PRODUCTS_DIR; };
		491D25DA2C9EB263000E25F1 /* Tipsy-TipsCalculatorUITests.xctest */ = {isa = PBXFileReference; explicitFileType = wrapper.cfbundle; includeInIndex = 0; path = "Tipsy-TipsCalculatorUITests.xctest"; sourceTree = BUILT_PRODUCTS_DIR; };
/* End PBXFileReference section */

/* Begin PBXFileSystemSynchronizedBuildFileExceptionSet section */
		491D25E22C9EB263000E25F1 /* Exceptions for "Tipsy-TipsCalculator" folder in "Tipsy-TipsCalculator" target */ = {
			isa = PBXFileSystemSynchronizedBuildFileExceptionSet;
			membershipExceptions = (
				Info.plist,
			);
			target = 491D25B92C9EB262000E25F1 /* Tipsy-TipsCalculator */;
		};
/* End PBXFileSystemSynchronizedBuildFileExceptionSet section */

/* Begin PBXFileSystemSynchronizedRootGroup section */
		491D25BC2C9EB262000E25F1 /* Tipsy-TipsCalculator */ = {
			isa = PBXFileSystemSynchronizedRootGroup;
			exceptions = (
				491D25E22C9EB263000E25F1 /* Exceptions for "Tipsy-TipsCalculator" folder in "Tipsy-TipsCalculator" target */,
			);
			path = "Tipsy-TipsCalculator";
			sourceTree = "<group>";
		};
		491D25D32C9EB263000E25F1 /* Tipsy-TipsCalculatorTests */ = {
			isa = PBXFileSystemSynchronizedRootGroup;
			path = "Tipsy-TipsCalculatorTests";
			sourceTree = "<group>";
		};
		491D25DD2C9EB263000E25F1 /* Tipsy-TipsCalculatorUITests */ = {
			isa = PBXFileSystemSynchronizedRootGroup;
			path = "Tipsy-TipsCalculatorUITests";
			sourceTree = "<group>";
		};
/* End PBXFileSystemSynchronizedRootGroup section */

/* Begin PBXFrameworksBuildPhase section */
		491D25B72C9EB262000E25F1 /* Frameworks */ = {
			isa = PBXFrameworksBuildPhase;
			buildActionMask = 2147483647;
			files = (
			);
			runOnlyForDeploymentPostprocessing = 0;
		};
		491D25CD2C9EB263000E25F1 /* Frameworks */ = {
			isa = PBXFrameworksBuildPhase;
			buildActionMask = 2147483647;
			files = (
			);
			runOnlyForDeploymentPostprocessing = 0;
		};
		491D25D72C9EB263000E25F1 /* Frameworks */ = {
			isa = PBXFrameworksBuildPhase;
			buildActionMask = 2147483647;
			files = (
			);
			runOnlyForDeploymentPostprocessing = 0;
		};
/* End PBXFrameworksBuildPhase section */

/* Begin PBXGroup section */
		491D25B12C9EB262000E25F1 = {
			isa = PBXGroup;
			children = (
				491D25BC2C9EB262000E25F1 /* Tipsy-TipsCalculator */,
				491D25D32C9EB263000E25F1 /* Tipsy-TipsCalculatorTests */,
				491D25DD2C9EB263000E25F1 /* Tipsy-TipsCalculatorUITests */,
				491D25BB2C9EB262000E25F1 /* Products */,
			);
			sourceTree = "<group>";
		};
		491D25BB2C9EB262000E25F1 /* Products */ = {
			isa = PBXGroup;
			children = (
				491D25BA2C9EB262000E25F1 /* Tipsy-TipsCalculator.app */,
				491D25D02C9EB263000E25F1 /* Tipsy-TipsCalculatorTests.xctest */,
				491D25DA2C9EB263000E25F1 /* Tipsy-TipsCalculatorUITests.xctest */,
			);
			name = Products;
			sourceTree = "<group>";
		};
/* End PBXGroup section */

/* Begin PBXNativeTarget section */
		491D25B92C9EB262000E25F1 /* Tipsy-TipsCalculator */ = {
			isa = PBXNativeTarget;
			buildConfigurationList = 491D25E32C9EB263000E25F1 /* Build configuration list for PBXNativeTarget "Tipsy-TipsCalculator" */;
			buildPhases = (
				491D25B62C9EB262000E25F1 /* Sources */,
				491D25B72C9EB262000E25F1 /* Frameworks */,
				491D25B82C9EB262000E25F1 /* Resources */,
			);
			buildRules = (
			);
			dependencies = (
			);
			fileSystemSynchronizedGroups = (
				491D25BC2C9EB262000E25F1 /* Tipsy-TipsCalculator */,
			);
			name = "Tipsy-TipsCalculator";
			packageProductDependencies = (
			);
			productName = "Tipsy-TipsCalculator";
			productReference = 491D25BA2C9EB262000E25F1 /* Tipsy-TipsCalculator.app */;
			productType = "com.apple.product-type.application";
		};
		491D25CF2C9EB263000E25F1 /* Tipsy-TipsCalculatorTests */ = {
			isa = PBXNativeTarget;
			buildConfigurationList = 491D25E82C9EB263000E25F1 /* Build configuration list for PBXNativeTarget "Tipsy-TipsCalculatorTests" */;
			buildPhases = (
				491D25CC2C9EB263000E25F1 /* Sources */,
				491D25CD2C9EB263000E25F1 /* Frameworks */,
				491D25CE2C9EB263000E25F1 /* Resources */,
			);
			buildRules = (
			);
			dependencies = (
				491D25D22C9EB263000E25F1 /* PBXTargetDependency */,
			);
			fileSystemSynchronizedGroups = (
				491D25D32C9EB263000E25F1 /* Tipsy-TipsCalculatorTests */,
			);
			name = "Tipsy-TipsCalculatorTests";
			packageProductDependencies = (
			);
			productName = "Tipsy-TipsCalculatorTests";
			productReference = 491D25D02C9EB263000E25F1 /* Tipsy-TipsCalculatorTests.xctest */;
			productType = "com.apple.product-type.bundle.unit-test";
		};
		491D25D92C9EB263000E25F1 /* Tipsy-TipsCalculatorUITests */ = {
			isa = PBXNativeTarget;
			buildConfigurationList = 491D25EB2C9EB263000E25F1 /* Build configuration list for PBXNativeTarget "Tipsy-TipsCalculatorUITests" */;
			buildPhases = (
				491D25D62C9EB263000E25F1 /* Sources */,
				491D25D72C9EB263000E25F1 /* Frameworks */,
				491D25D82C9EB263000E25F1 /* Resources */,
			);
			buildRules = (
			);
			dependencies = (
				491D25DC2C9EB263000E25F1 /* PBXTargetDependency */,
			);
			fileSystemSynchronizedGroups = (
				491D25DD2C9EB263000E25F1 /* Tipsy-TipsCalculatorUITests */,
			);
			name = "Tipsy-TipsCalculatorUITests";
			packageProductDependencies = (
			);
			productName = "Tipsy-TipsCalculatorUITests";
			productReference = 491D25DA2C9EB263000E25F1 /* Tipsy-TipsCalculatorUITests.xctest */;
			productType = "com.apple.product-type.bundle.ui-testing";
		};
/* End PBXNativeTarget section */

/* Begin PBXProject section */
		491D25B22C9EB262000E25F1 /* Project object */ = {
			isa = PBXProject;
			attributes = {
				BuildIndependentTargetsInParallel = 1;
				LastSwiftUpdateCheck = 1600;
				LastUpgradeCheck = 1600;
				TargetAttributes = {
					491D25B92C9EB262000E25F1 = {
						CreatedOnToolsVersion = 16.0;
					};
					491D25CF2C9EB263000E25F1 = {
						CreatedOnToolsVersion = 16.0;
						TestTargetID = 491D25B92C9EB262000E25F1;
					};
					491D25D92C9EB263000E25F1 = {
						CreatedOnToolsVersion = 16.0;
						TestTargetID = 491D25B92C9EB262000E25F1;
					};
				};
			};
			buildConfigurationList = 491D25B52C9EB262000E25F1 /* Build configuration list for PBXProject "Tipsy-TipsCalculator" */;
			developmentRegion = en;
			hasScannedForEncodings = 0;
			knownRegions = (
				en,
				Base,
			);
			mainGroup = 491D25B12C9EB262000E25F1;
			minimizedProjectReferenceProxies = 1;
			preferredProjectObjectVersion = 77;
			productRefGroup = 491D25BB2C9EB262000E25F1 /* Products */;
			projectDirPath = "";
			projectRoot = "";
			targets = (
				491D25B92C9EB262000E25F1 /* Tipsy-TipsCalculator */,
				491D25CF2C9EB263000E25F1 /* Tipsy-TipsCalculatorTests */,
				491D25D92C9EB263000E25F1 /* Tipsy-TipsCalculatorUITests */,
			);
		};
/* End PBXProject section */

/* Begin PBXResourcesBuildPhase section */
		491D25B82C9EB262000E25F1 /* Resources */ = {
			isa = PBXResourcesBuildPhase;
			buildActionMask = 2147483647;
			files = (
			);
			runOnlyForDeploymentPostprocessing = 0;
		};
		491D25CE2C9EB263000E25F1 /* Resources */ = {
			isa = PBXResourcesBuildPhase;
			buildActionMask = 2147483647;
			files = (
			);
			runOnlyForDeploymentPostprocessing = 0;
		};
		491D25D82C9EB263000E25F1 /* Resources */ = {
			isa = PBXResourcesBuildPhase;
			buildActionMask = 2147483647;
			files = (
			);
			runOnlyForDeploymentPostprocessing = 0;
		};
/* End PBXResourcesBuildPhase section */

/* Begin PBXSourcesBuildPhase section */
		491D25B62C9EB262000E25F1 /* Sources */ = {
			isa = PBXSourcesBuildPhase;
			buildActionMask = 2147483647;
			files = (
			);
			runOnlyForDeploymentPostprocessing = 0;
		};
		491D25CC2C9EB263000E25F1 /* Sources */ = {
			isa = PBXSourcesBuildPhase;
			buildActionMask = 2147483647;
			files = (
			);
			runOnlyForDeploymentPostprocessing = 0;
		};
		491D25D62C9EB263000E25F1 /* Sources */ = {
			isa = PBXSourcesBuildPhase;
			buildActionMask = 2147483647;
			files = (
			);
			runOnlyForDeploymentPostprocessing = 0;
		};
/* End PBXSourcesBuildPhase section */

/* Begin PBXTargetDependency section */
		491D25D22C9EB263000E25F1 /* PBXTargetDependency */ = {
			isa = PBXTargetDependency;
			target = 491D25B92C9EB262000E25F1 /* Tipsy-TipsCalculator */;
			targetProxy = 491D25D12C9EB263000E25F1 /* PBXContainerItemProxy */;
		};
		491D25DC2C9EB263000E25F1 /* PBXTargetDependency */ = {
			isa = PBXTargetDependency;
			target = 491D25B92C9EB262000E25F1 /* Tipsy-TipsCalculator */;
			targetProxy = 491D25DB2C9EB263000E25F1 /* PBXContainerItemProxy */;
		};
/* End PBXTargetDependency section */

/* Begin XCBuildConfiguration section */
		491D25E42C9EB263000E25F1 /* Debug */ = {
			isa = XCBuildConfiguration;
			buildSettings = {
				ASSETCATALOG_COMPILER_APPICON_NAME = AppIcon;
				ASSETCATALOG_COMPILER_GLOBAL_ACCENT_COLOR_NAME = AccentColor;
				CODE_SIGN_STYLE = Automatic;
				CURRENT_PROJECT_VERSION = 1;
				DEVELOPMENT_TEAM = 3PKG4TCX93;
				GENERATE_INFOPLIST_FILE = YES;
				INFOPLIST_FILE = "Tipsy-TipsCalculator/Info.plist";
				INFOPLIST_KEY_UIApplicationSupportsIndirectInputEvents = YES;
				INFOPLIST_KEY_UILaunchStoryboardName = LaunchScreen;
				INFOPLIST_KEY_UIMainStoryboardFile = Main;
				INFOPLIST_KEY_UISupportedInterfaceOrientations_iPad = "UIInterfaceOrientationPortrait UIInterfaceOrientationPortraitUpsideDown UIInterfaceOrientationLandscapeLeft UIInterfaceOrientationLandscapeRight";
				INFOPLIST_KEY_UISupportedInterfaceOrientations_iPhone = "UIInterfaceOrientationPortrait UIInterfaceOrientationLandscapeLeft UIInterfaceOrientationLandscapeRight";
				LD_RUNPATH_SEARCH_PATHS = (
					"$(inherited)",
					"@executable_path/Frameworks",
				);
				MARKETING_VERSION = 1.0;
				PRODUCT_BUNDLE_IDENTIFIER = "com.sergiorodarte.Tipsy-TipsCalculator";
				PRODUCT_NAME = "$(TARGET_NAME)";
				SWIFT_EMIT_LOC_STRINGS = YES;
				SWIFT_VERSION = 5.0;
				TARGETED_DEVICE_FAMILY = "1,2";
			};
			name = Debug;
		};
		491D25E52C9EB263000E25F1 /* Release */ = {
			isa = XCBuildConfiguration;
			buildSettings = {
				ASSETCATALOG_COMPILER_APPICON_NAME = AppIcon;
				ASSETCATALOG_COMPILER_GLOBAL_ACCENT_COLOR_NAME = AccentColor;
				CODE_SIGN_STYLE = Automatic;
				CURRENT_PROJECT_VERSION = 1;
				DEVELOPMENT_TEAM = 3PKG4TCX93;
				GENERATE_INFOPLIST_FILE = YES;
				INFOPLIST_FILE = "Tipsy-TipsCalculator/Info.plist";
				INFOPLIST_KEY_UIApplicationSupportsIndirectInputEvents = YES;
				INFOPLIST_KEY_UILaunchStoryboardName = LaunchScreen;
				INFOPLIST_KEY_UIMainStoryboardFile = Main;
				INFOPLIST_KEY_UISupportedInterfaceOrientations_iPad = "UIInterfaceOrientationPortrait UIInterfaceOrientationPortraitUpsideDown UIInterfaceOrientationLandscapeLeft UIInterfaceOrientationLandscapeRight";
				INFOPLIST_KEY_UISupportedInterfaceOrientations_iPhone = "UIInterfaceOrientationPortrait UIInterfaceOrientationLandscapeLeft UIInterfaceOrientationLandscapeRight";
				LD_RUNPATH_SEARCH_PATHS = (
					"$(inherited)",
					"@executable_path/Frameworks",
				);
				MARKETING_VERSION = 1.0;
				PRODUCT_BUNDLE_IDENTIFIER = "com.sergiorodarte.Tipsy-TipsCalculator";
				PRODUCT_NAME = "$(TARGET_NAME)";
				SWIFT_EMIT_LOC_STRINGS = YES;
				SWIFT_VERSION = 5.0;
				TARGETED_DEVICE_FAMILY = "1,2";
			};
			name = Release;
		};
		491D25E62C9EB263000E25F1 /* Debug */ = {
			isa = XCBuildConfiguration;
			buildSettings = {
				ALWAYS_SEARCH_USER_PATHS = NO;
				ASSETCATALOG_COMPILER_GENERATE_SWIFT_ASSET_SYMBOL_EXTENSIONS = YES;
				CLANG_ANALYZER_NONNULL = YES;
				CLANG_ANALYZER_NUMBER_OBJECT_CONVERSION = YES_AGGRESSIVE;
				CLANG_CXX_LANGUAGE_STANDARD = "gnu++20";
				CLANG_ENABLE_MODULES = YES;
				CLANG_ENABLE_OBJC_ARC = YES;
				CLANG_ENABLE_OBJC_WEAK = YES;
				CLANG_WARN_BLOCK_CAPTURE_AUTORELEASING = YES;
				CLANG_WARN_BOOL_CONVERSION = YES;
				CLANG_WARN_COMMA = YES;
				CLANG_WARN_CONSTANT_CONVERSION = YES;
				CLANG_WARN_DEPRECATED_OBJC_IMPLEMENTATIONS = YES;
				CLANG_WARN_DIRECT_OBJC_ISA_USAGE = YES_ERROR;
				CLANG_WARN_DOCUMENTATION_COMMENTS = YES;
				CLANG_WARN_EMPTY_BODY = YES;
				CLANG_WARN_ENUM_CONVERSION = YES;
				CLANG_WARN_INFINITE_RECURSION = YES;
				CLANG_WARN_INT_CONVERSION = YES;
				CLANG_WARN_NON_LITERAL_NULL_CONVERSION = YES;
				CLANG_WARN_OBJC_IMPLICIT_RETAIN_SELF = YES;
				CLANG_WARN_OBJC_LITERAL_CONVERSION = YES;
				CLANG_WARN_OBJC_ROOT_CLASS = YES_ERROR;
				CLANG_WARN_QUOTED_INCLUDE_IN_FRAMEWORK_HEADER = YES;
				CLANG_WARN_RANGE_LOOP_ANALYSIS = YES;
				CLANG_WARN_STRICT_PROTOTYPES = YES;
				CLANG_WARN_SUSPICIOUS_MOVE = YES;
				CLANG_WARN_UNGUARDED_AVAILABILITY = YES_AGGRESSIVE;
				CLANG_WARN_UNREACHABLE_CODE = YES;
				CLANG_WARN__DUPLICATE_METHOD_MATCH = YES;
				COPY_PHASE_STRIP = NO;
				DEBUG_INFORMATION_FORMAT = dwarf;
				ENABLE_STRICT_OBJC_MSGSEND = YES;
				ENABLE_TESTABILITY = YES;
				ENABLE_USER_SCRIPT_SANDBOXING = YES;
				GCC_C_LANGUAGE_STANDARD = gnu17;
				GCC_DYNAMIC_NO_PIC = NO;
				GCC_NO_COMMON_BLOCKS = YES;
				GCC_OPTIMIZATION_LEVEL = 0;
				GCC_PREPROCESSOR_DEFINITIONS = (
					"DEBUG=1",
					"$(inherited)",
				);
				GCC_WARN_64_TO_32_BIT_CONVERSION = YES;
				GCC_WARN_ABOUT_RETURN_TYPE = YES_ERROR;
				GCC_WARN_UNDECLARED_SELECTOR = YES;
				GCC_WARN_UNINITIALIZED_AUTOS = YES_AGGRESSIVE;
				GCC_WARN_UNUSED_FUNCTION = YES;
				GCC_WARN_UNUSED_VARIABLE = YES;
				IPHONEOS_DEPLOYMENT_TARGET = 18.0;
				LOCALIZATION_PREFERS_STRING_CATALOGS = YES;
				MTL_ENABLE_DEBUG_INFO = INCLUDE_SOURCE;
				MTL_FAST_MATH = YES;
				ONLY_ACTIVE_ARCH = YES;
				SDKROOT = iphoneos;
				SWIFT_ACTIVE_COMPILATION_CONDITIONS = "DEBUG $(inherited)";
				SWIFT_OPTIMIZATION_LEVEL = "-Onone";
			};
			name = Debug;
		};
		491D25E72C9EB263000E25F1 /* Release */ = {
			isa = XCBuildConfiguration;
			buildSettings = {
				ALWAYS_SEARCH_USER_PATHS = NO;
				ASSETCATALOG_COMPILER_GENERATE_SWIFT_ASSET_SYMBOL_EXTENSIONS = YES;
				CLANG_ANALYZER_NONNULL = YES;
				CLANG_ANALYZER_NUMBER_OBJECT_CONVERSION = YES_AGGRESSIVE;
				CLANG_CXX_LANGUAGE_STANDARD = "gnu++20";
				CLANG_ENABLE_MODULES = YES;
				CLANG_ENABLE_OBJC_ARC = YES;
				CLANG_ENABLE_OBJC_WEAK = YES;
				CLANG_WARN_BLOCK_CAPTURE_AUTORELEASING = YES;
				CLANG_WARN_BOOL_CONVERSION = YES;
				CLANG_WARN_COMMA = YES;
				CLANG_WARN_CONSTANT_CONVERSION = YES;
				CLANG_WARN_DEPRECATED_OBJC_IMPLEMENTATIONS = YES;
				CLANG_WARN_DIRECT_OBJC_ISA_USAGE = YES_ERROR;
				CLANG_WARN_DOCUMENTATION_COMMENTS = YES;
				CLANG_WARN_EMPTY_BODY = YES;
				CLANG_WARN_ENUM_CONVERSION = YES;
				CLANG_WARN_INFINITE_RECURSION = YES;
				CLANG_WARN_INT_CONVERSION = YES;
				CLANG_WARN_NON_LITERAL_NULL_CONVERSION = YES;
				CLANG_WARN_OBJC_IMPLICIT_RETAIN_SELF = YES;
				CLANG_WARN_OBJC_LITERAL_CONVERSION = YES;
				CLANG_WARN_OBJC_ROOT_CLASS = YES_ERROR;
				CLANG_WARN_QUOTED_INCLUDE_IN_FRAMEWORK_HEADER = YES;
				CLANG_WARN_RANGE_LOOP_ANALYSIS = YES;
				CLANG_WARN_STRICT_PROTOTYPES = YES;
				CLANG_WARN_SUSPICIOUS_MOVE = YES;
				CLANG_WARN_UNGUARDED_AVAILABILITY = YES_AGGRESSIVE;
				CLANG_WARN_UNREACHABLE_CODE = YES;
				CLANG_WARN__DUPLICATE_METHOD_MATCH = YES;
				COPY_PHASE_STRIP = NO;
				DEBUG_INFORMATION_FORMAT = "dwarf-with-dsym";
				ENABLE_NS_ASSERTIONS = NO;
				ENABLE_STRICT_OBJC_MSGSEND = YES;
				ENABLE_USER_SCRIPT_SANDBOXING = YES;
				GCC_C_LANGUAGE_STANDARD = gnu17;
				GCC_NO_COMMON_BLOCKS = YES;
				GCC_WARN_64_TO_32_BIT_CONVERSION = YES;
				GCC_WARN_ABOUT_RETURN_TYPE = YES_ERROR;
				GCC_WARN_UNDECLARED_SELECTOR = YES;
				GCC_WARN_UNINITIALIZED_AUTOS = YES_AGGRESSIVE;
				GCC_WARN_UNUSED_FUNCTION = YES;
				GCC_WARN_UNUSED_VARIABLE = YES;
				IPHONEOS_DEPLOYMENT_TARGET = 18.0;
				LOCALIZATION_PREFERS_STRING_CATALOGS = YES;
				MTL_ENABLE_DEBUG_INFO = NO;
				MTL_FAST_MATH = YES;
				SDKROOT = iphoneos;
				SWIFT_COMPILATION_MODE = wholemodule;
				VALIDATE_PRODUCT = YES;
			};
			name = Release;
		};
		491D25E92C9EB263000E25F1 /* Debug */ = {
			isa = XCBuildConfiguration;
			buildSettings = {
				BUNDLE_LOADER = "$(TEST_HOST)";
				CODE_SIGN_STYLE = Automatic;
				CURRENT_PROJECT_VERSION = 1;
				DEVELOPMENT_TEAM = 3PKG4TCX93;
				GENERATE_INFOPLIST_FILE = YES;
				IPHONEOS_DEPLOYMENT_TARGET = 18.0;
				MARKETING_VERSION = 1.0;
				PRODUCT_BUNDLE_IDENTIFIER = "com.sergiorodarte.Tipsy-TipsCalculatorTests";
				PRODUCT_NAME = "$(TARGET_NAME)";
				SWIFT_EMIT_LOC_STRINGS = NO;
				SWIFT_VERSION = 5.0;
				TARGETED_DEVICE_FAMILY = "1,2";
				TEST_HOST = "$(BUILT_PRODUCTS_DIR)/Tipsy-TipsCalculator.app/$(BUNDLE_EXECUTABLE_FOLDER_PATH)/Tipsy-TipsCalculator";
			};
			name = Debug;
		};
		491D25EA2C9EB263000E25F1 /* Release */ = {
			isa = XCBuildConfiguration;
			buildSettings = {
				BUNDLE_LOADER = "$(TEST_HOST)";
				CODE_SIGN_STYLE = Automatic;
				CURRENT_PROJECT_VERSION = 1;
				DEVELOPMENT_TEAM = 3PKG4TCX93;
				GENERATE_INFOPLIST_FILE = YES;
				IPHONEOS_DEPLOYMENT_TARGET = 18.0;
				MARKETING_VERSION = 1.0;
				PRODUCT_BUNDLE_IDENTIFIER = "com.sergiorodarte.Tipsy-TipsCalculatorTests";
				PRODUCT_NAME = "$(TARGET_NAME)";
				SWIFT_EMIT_LOC_STRINGS = NO;
				SWIFT_VERSION = 5.0;
				TARGETED_DEVICE_FAMILY = "1,2";
				TEST_HOST = "$(BUILT_PRODUCTS_DIR)/Tipsy-TipsCalculator.app/$(BUNDLE_EXECUTABLE_FOLDER_PATH)/Tipsy-TipsCalculator";
			};
			name = Release;
		};
		491D25EC2C9EB263000E25F1 /* Debug */ = {
			isa = XCBuildConfiguration;
			buildSettings = {
				CODE_SIGN_STYLE = Automatic;
				CURRENT_PROJECT_VERSION = 1;
				DEVELOPMENT_TEAM = 3PKG4TCX93;
				GENERATE_INFOPLIST_FILE = YES;
				MARKETING_VERSION = 1.0;
				PRODUCT_BUNDLE_IDENTIFIER = "com.sergiorodarte.Tipsy-TipsCalculatorUITests";
				PRODUCT_NAME = "$(TARGET_NAME)";
				SWIFT_EMIT_LOC_STRINGS = NO;
				SWIFT_VERSION = 5.0;
				TARGETED_DEVICE_FAMILY = "1,2";
				TEST_TARGET_NAME = "Tipsy-TipsCalculator";
			};
			name = Debug;
		};
		491D25ED2C9EB263000E25F1 /* Release */ = {
			isa = XCBuildConfiguration;
			buildSettings = {
				CODE_SIGN_STYLE = Automatic;
				CURRENT_PROJECT_VERSION = 1;
				DEVELOPMENT_TEAM = 3PKG4TCX93;
				GENERATE_INFOPLIST_FILE = YES;
				MARKETING_VERSION = 1.0;
				PRODUCT_BUNDLE_IDENTIFIER = "com.sergiorodarte.Tipsy-TipsCalculatorUITests";
				PRODUCT_NAME = "$(TARGET_NAME)";
				SWIFT_EMIT_LOC_STRINGS = NO;
				SWIFT_VERSION = 5.0;
				TARGETED_DEVICE_FAMILY = "1,2";
				TEST_TARGET_NAME = "Tipsy-TipsCalculator";
			};
			name = Release;
		};
/* End XCBuildConfiguration section */

/* Begin XCConfigurationList section */
		491D25B52C9EB262000E25F1 /* Build configuration list for PBXProject "Tipsy-TipsCalculator" */ = {
			isa = XCConfigurationList;
			buildConfigurations = (
				491D25E62C9EB263000E25F1 /* Debug */,
				491D25E72C9EB263000E25F1 /* Release */,
			);
			defaultConfigurationIsVisible = 0;
			defaultConfigurationName = Release;
		};
		491D25E32C9EB263000E25F1 /* Build configuration list for PBXNativeTarget "Tipsy-TipsCalculator" */ = {
			isa = XCConfigurationList;
			buildConfigurations = (
				491D25E42C9EB263000E25F1 /* Debug */,
				491D25E52C9EB263000E25F1 /* Release */,
			);
			defaultConfigurationIsVisible = 0;
			defaultConfigurationName = Release;
		};
		491D25E82C9EB263000E25F1 /* Build configuration list for PBXNativeTarget "Tipsy-TipsCalculatorTests" */ = {
			isa = XCConfigurationList;
			buildConfigurations = (
				491D25E92C9EB263000E25F1 /* Debug */,
				491D25EA2C9EB263000E25F1 /* Release */,
			);
			defaultConfigurationIsVisible = 0;
			defaultConfigurationName = Release;
		};
		491D25EB2C9EB263000E25F1 /* Build configuration list for PBXNativeTarget "Tipsy-TipsCalculatorUITests" */ = {
			isa = XCConfigurationList;
			buildConfigurations = (
				491D25EC2C9EB263000E25F1 /* Debug */,
				491D25ED2C9EB263000E25F1 /* Release */,
			);
			defaultConfigurationIsVisible = 0;
			defaultConfigurationName = Release;
		};
/* End XCConfigurationList section */
	};
	rootObject = 491D25B22C9EB262000E25F1 /* Project object */;
}
